
Microsoft Visual Studio Solution File, Format Version 12.00
# Visual Studio Version 16
VisualStudioVersion = 16.0.34601.136
MinimumVisualStudioVersion = 10.0.40219.1
Project("{FAE04EC0-301F-11D3-BF4B-00C04F79EFBC}") = "Fibonacci Number", "Fibonacci Number\Fibonacci Number.csproj", "{0D261C66-E4BF-4D72-AC5E-A83661E4DBB6}"
EndProject
Global
	GlobalSection(SolutionConfigurationPlatforms) = preSolution
		Debug|Any CPU = Debug|Any CPU
		Release|Any CPU = Release|Any CPU
	EndGlobalSection
	GlobalSection(ProjectConfigurationPlatforms) = postSolution
		{0D261C66-E4BF-4D72-AC5E-A83661E4DBB6}.Debug|Any CPU.ActiveCfg = Debug|Any CPU
		{0D261C66-E4BF-4D72-AC5E-A83661E4DBB6}.Debug|Any CPU.Build.0 = Debug|Any CPU
		{0D261C66-E4BF-4D72-AC5E-A83661E4DBB6}.Release|Any CPU.ActiveCfg = Release|Any CPU
		{0D261C66-E4BF-4D72-AC5E-A83661E4DBB6}.Release|Any CPU.Build.0 = Release|Any CPU
	EndGlobalSection
	GlobalSection(SolutionProperties) = preSolution
		HideSolutionNode = FALSE
	EndGlobalSection
	GlobalSection(ExtensibilityGlobals) = postSolution
		SolutionGuid = {8E662059-7F34-45E8-AEC1-8655DA09C696}
	EndGlobalSection
EndGlobal
