
Microsoft Visual Studio Solution File, Format Version 12.00
# Visual Studio Version 16
VisualStudioVersion = 16.0.34601.136
MinimumVisualStudioVersion = 10.0.40219.1
Project("{FAE04EC0-301F-11D3-BF4B-00C04F79EFBC}") = "Palindrome Number", "Palindrome Number\Palindrome Number.csproj", "{7367D34C-5E84-4E9C-90B3-6D2C5A8DE917}"
EndProject
Global
	GlobalSection(SolutionConfigurationPlatforms) = preSolution
		Debug|Any CPU = Debug|Any CPU
		Release|Any CPU = Release|Any CPU
	EndGlobalSection
	GlobalSection(ProjectConfigurationPlatforms) = postSolution
		{7367D34C-5E84-4E9C-90B3-6D2C5A8DE917}.Debug|Any CPU.ActiveCfg = Debug|Any CPU
		{7367D34C-5E84-4E9C-90B3-6D2C5A8DE917}.Debug|Any CPU.Build.0 = Debug|Any CPU
		{7367D34C-5E84-4E9C-90B3-6D2C5A8DE917}.Release|Any CPU.ActiveCfg = Release|Any CPU
		{7367D34C-5E84-4E9C-90B3-6D2C5A8DE917}.Release|Any CPU.Build.0 = Release|Any CPU
	EndGlobalSection
	GlobalSection(SolutionProperties) = preSolution
		HideSolutionNode = FALSE
	EndGlobalSection
	GlobalSection(ExtensibilityGlobals) = postSolution
		SolutionGuid = {294232F8-F45C-42D8-AE3F-96103B25CA6F}
	EndGlobalSection
EndGlobal
